
Microsoft Visual Studio Solution File, Format Version 12.00
# Visual Studio Version 17
VisualStudioVersion = 17.9.34701.34
MinimumVisualStudioVersion = 10.0.40219.1
Project("{FAE04EC0-301F-11D3-BF4B-00C04F79EFBC}") = "linkedlist", "linkedlist\linkedlist.csproj", "{F499A233-52A5-4C61-BE5D-B66AB883C4DD}"
EndProject
Global
	GlobalSection(SolutionConfigurationPlatforms) = preSolution
		Debug|Any CPU = Debug|Any CPU
		Release|Any CPU = Release|Any CPU
	EndGlobalSection
	GlobalSection(ProjectConfigurationPlatforms) = postSolution
		{F499A233-52A5-4C61-BE5D-B66AB883C4DD}.Debug|Any CPU.ActiveCfg = Debug|Any CPU
		{F499A233-52A5-4C61-BE5D-B66AB883C4DD}.Debug|Any CPU.Build.0 = Debug|Any CPU
		{F499A233-52A5-4C61-BE5D-B66AB883C4DD}.Release|Any CPU.ActiveCfg = Release|Any CPU
		{F499A233-52A5-4C61-BE5D-B66AB883C4DD}.Release|Any CPU.Build.0 = Release|Any CPU
	EndGlobalSection
	GlobalSection(SolutionProperties) = preSolution
		HideSolutionNode = FALSE
	EndGlobalSection
	GlobalSection(ExtensibilityGlobals) = postSolution
		SolutionGuid = {FB9832B2-FC88-47AF-86C7-09AC4A0685DA}
	EndGlobalSection
EndGlobal
